// !$*UTF8*$!
{
	archiveVersion = 1;
	classes = {
	};
	objectVersion = 77;
	objects = {

/* Begin PBXGroup section */
		64F2BB012D9D4DAC00EC788F = {
			isa = PBXGroup;
			children = (
			);
			sourceTree = "<group>";
		};
/* End PBXGroup section */

/* Begin PBXProject section */
		64F2BB022D9D4DAC00EC788F /* Project object */ = {
			isa = PBXProject;
			attributes = {
				BuildIndependentTargetsInParallel = 1;
				LastUpgradeCheck = 1620;
			};
			buildConfigurationList = 64F2BB052D9D4DAC00EC788F /* Build configuration list for PBXProject "jerry-web-server" */;
			developmentRegion = en;
			hasScannedForEncodings = 0;
			knownRegions = (
				en,
				Base,
			);
			mainGroup = 64F2BB012D9D4DAC00EC788F;
			minimizedProjectReferenceProxies = 1;
			preferredProjectObjectVersion = 77;
			projectDirPath = "";
			projectRoot = "";
			targets = (
			);
		};
/* End PBXProject section */

/* Begin XCBuildConfiguration section */
		64F2BB062D9D4DAC00EC788F /* Debug */ = {
			isa = XCBuildConfiguration;
			buildSettings = {
			};
			name = Debug;
		};
		64F2BB072D9D4DAC00EC788F /* Release */ = {
			isa = XCBuildConfiguration;
			buildSettings = {
			};
			name = Release;
		};
/* End XCBuildConfiguration section */

/* Begin XCConfigurationList section */
		64F2BB052D9D4DAC00EC788F /* Build configuration list for PBXProject "jerry-web-server" */ = {
			isa = XCConfigurationList;
			buildConfigurations = (
				64F2BB062D9D4DAC00EC788F /* Debug */,
				64F2BB072D9D4DAC00EC788F /* Release */,
			);
			defaultConfigurationIsVisible = 0;
			defaultConfigurationName = Release;
		};
/* End XCConfigurationList section */
	};
	rootObject = 64F2BB022D9D4DAC00EC788F /* Project object */;
}
